
Microsoft Visual Studio Solution File, Format Version 12.00
# Visual Studio 15
VisualStudioVersion = 15.0.27004.2002
MinimumVisualStudioVersion = 10.0.40219.1
Project("{9A19103F-16F7-4668-BE54-9A1E7A4F7556}") = "Picnic.Net.Dashboard.API", "Picnic.Net.Dashboard.API\Picnic.Net.Dashboard.API.csproj", "{ED10CC9F-1DB5-4020-921B-8BDF7ABA998F}"
EndProject
Project("{FAE04EC0-301F-11D3-BF4B-00C04F79EFBC}") = "Picnic.Net.Dashboard.App", "Picnic.Net.Dashboard.App\Picnic.Net.Dashboard.App.csproj", "{70B063E6-CEC9-48D7-93EC-DD940C34EAA2}"
EndProject
Project("{2150E333-8FDC-42A3-9474-1A3956D46DE8}") = "Services", "Services", "{23860AA1-4424-4221-ADE0-C9B6DB3C12BC}"
EndProject
Project("{2150E333-8FDC-42A3-9474-1A3956D46DE8}") = "App", "App", "{BFF80812-B498-4914-B5EC-D2A47FCC4683}"
EndProject
Project("{2150E333-8FDC-42A3-9474-1A3956D46DE8}") = "Api", "Api", "{C8775398-C93C-4307-9A50-7F20CB76A2F5}"
EndProject
Project("{2150E333-8FDC-42A3-9474-1A3956D46DE8}") = "Google", "Google", "{4898415B-80DB-4298-81F5-9319B764EA9C}"
EndProject
Project("{9A19103F-16F7-4668-BE54-9A1E7A4F7556}") = "GoogleService", "GoogleService\GoogleService.csproj", "{EC3A3C84-BB90-4C7B-99B8-AC5452705D6C}"
EndProject
Project("{2150E333-8FDC-42A3-9474-1A3956D46DE8}") = "GPW", "GPW", "{A70EC432-2735-4467-BFC0-1377A5DD5F27}"
EndProject
Project("{FAE04EC0-301F-11D3-BF4B-00C04F79EFBC}") = "GPWStocks", "GPWStocks\GPWStocks.csproj", "{AC6C506F-B919-47C8-909A-B8804F35D0CD}"
EndProject
Global
	GlobalSection(SolutionConfigurationPlatforms) = preSolution
		Debug|Any CPU = Debug|Any CPU
		Release|Any CPU = Release|Any CPU
	EndGlobalSection
	GlobalSection(ProjectConfigurationPlatforms) = postSolution
		{ED10CC9F-1DB5-4020-921B-8BDF7ABA998F}.Debug|Any CPU.ActiveCfg = Debug|Any CPU
		{ED10CC9F-1DB5-4020-921B-8BDF7ABA998F}.Debug|Any CPU.Build.0 = Debug|Any CPU
		{ED10CC9F-1DB5-4020-921B-8BDF7ABA998F}.Release|Any CPU.ActiveCfg = Release|Any CPU
		{ED10CC9F-1DB5-4020-921B-8BDF7ABA998F}.Release|Any CPU.Build.0 = Release|Any CPU
		{70B063E6-CEC9-48D7-93EC-DD940C34EAA2}.Debug|Any CPU.ActiveCfg = Debug|Any CPU
		{70B063E6-CEC9-48D7-93EC-DD940C34EAA2}.Debug|Any CPU.Build.0 = Debug|Any CPU
		{70B063E6-CEC9-48D7-93EC-DD940C34EAA2}.Release|Any CPU.ActiveCfg = Release|Any CPU
		{70B063E6-CEC9-48D7-93EC-DD940C34EAA2}.Release|Any CPU.Build.0 = Release|Any CPU
		{EC3A3C84-BB90-4C7B-99B8-AC5452705D6C}.Debug|Any CPU.ActiveCfg = Debug|Any CPU
		{EC3A3C84-BB90-4C7B-99B8-AC5452705D6C}.Debug|Any CPU.Build.0 = Debug|Any CPU
		{EC3A3C84-BB90-4C7B-99B8-AC5452705D6C}.Release|Any CPU.ActiveCfg = Release|Any CPU
		{EC3A3C84-BB90-4C7B-99B8-AC5452705D6C}.Release|Any CPU.Build.0 = Release|Any CPU
		{AC6C506F-B919-47C8-909A-B8804F35D0CD}.Debug|Any CPU.ActiveCfg = Debug|Any CPU
		{AC6C506F-B919-47C8-909A-B8804F35D0CD}.Debug|Any CPU.Build.0 = Debug|Any CPU
		{AC6C506F-B919-47C8-909A-B8804F35D0CD}.Release|Any CPU.ActiveCfg = Release|Any CPU
		{AC6C506F-B919-47C8-909A-B8804F35D0CD}.Release|Any CPU.Build.0 = Release|Any CPU
	EndGlobalSection
	GlobalSection(SolutionProperties) = preSolution
		HideSolutionNode = FALSE
	EndGlobalSection
	GlobalSection(NestedProjects) = preSolution
		{ED10CC9F-1DB5-4020-921B-8BDF7ABA998F} = {C8775398-C93C-4307-9A50-7F20CB76A2F5}
		{70B063E6-CEC9-48D7-93EC-DD940C34EAA2} = {BFF80812-B498-4914-B5EC-D2A47FCC4683}
		{4898415B-80DB-4298-81F5-9319B764EA9C} = {23860AA1-4424-4221-ADE0-C9B6DB3C12BC}
		{EC3A3C84-BB90-4C7B-99B8-AC5452705D6C} = {4898415B-80DB-4298-81F5-9319B764EA9C}
		{A70EC432-2735-4467-BFC0-1377A5DD5F27} = {23860AA1-4424-4221-ADE0-C9B6DB3C12BC}
		{AC6C506F-B919-47C8-909A-B8804F35D0CD} = {A70EC432-2735-4467-BFC0-1377A5DD5F27}
	EndGlobalSection
	GlobalSection(ExtensibilityGlobals) = postSolution
		SolutionGuid = {CD318A11-4169-439D-AF0C-903F2DF7C612}
	EndGlobalSection
EndGlobal
